// !$*UTF8*$!
{
	archiveVersion = 1;
	classes = {
	};
	objectVersion = 50;
	objects = {

/* Begin PBXBuildFile section */
		451D1EE223360BD500E10E02 /* AppDelegate.swift in Sources */ = {isa = PBXBuildFile; fileRef = 451D1EE123360BD500E10E02 /* AppDelegate.swift */; };
		451D1EE423360BD500E10E02 /* SceneDelegate.swift in Sources */ = {isa = PBXBuildFile; fileRef = 451D1EE323360BD500E10E02 /* SceneDelegate.swift */; };
		451D1EE623360BD500E10E02 /* ViewController.swift in Sources */ = {isa = PBXBuildFile; fileRef = 451D1EE523360BD500E10E02 /* ViewController.swift */; };
		451D1EE923360BD500E10E02 /* Main.storyboard in Resources */ = {isa = PBXBuildFile; fileRef = 451D1EE723360BD500E10E02 /* Main.storyboard */; };
		451D1EEC23360BD500E10E02 /* BrainBraver.xcdatamodeld in Sources */ = {isa = PBXBuildFile; fileRef = 451D1EEA23360BD500E10E02 /* BrainBraver.xcdatamodeld */; };
		451D1EEE23360BD700E10E02 /* Assets.xcassets in Resources */ = {isa = PBXBuildFile; fileRef = 451D1EED23360BD700E10E02 /* Assets.xcassets */; };
		451D1EF123360BD700E10E02 /* LaunchScreen.storyboard in Resources */ = {isa = PBXBuildFile; fileRef = 451D1EEF23360BD700E10E02 /* LaunchScreen.storyboard */; };
		451D1EFC23360BD700E10E02 /* BrainBraverTests.swift in Sources */ = {isa = PBXBuildFile; fileRef = 451D1EFB23360BD700E10E02 /* BrainBraverTests.swift */; };
		451D1F0723360BD700E10E02 /* BrainBraverUITests.swift in Sources */ = {isa = PBXBuildFile; fileRef = 451D1F0623360BD700E10E02 /* BrainBraverUITests.swift */; };
/* End PBXBuildFile section */

/* Begin PBXContainerItemProxy section */
		451D1EF823360BD700E10E02 /* PBXContainerItemProxy */ = {
			isa = PBXContainerItemProxy;
			containerPortal = 451D1ED623360BD500E10E02 /* Project object */;
			proxyType = 1;
			remoteGlobalIDString = 451D1EDD23360BD500E10E02;
			remoteInfo = BrainBraver;
		};
		451D1F0323360BD700E10E02 /* PBXContainerItemProxy */ = {
			isa = PBXContainerItemProxy;
			containerPortal = 451D1ED623360BD500E10E02 /* Project object */;
			proxyType = 1;
			remoteGlobalIDString = 451D1EDD23360BD500E10E02;
			remoteInfo = BrainBraver;
		};
/* End PBXContainerItemProxy section */

/* Begin PBXFileReference section */
		451D1EDE23360BD500E10E02 /* BrainBraver.app */ = {isa = PBXFileReference; explicitFileType = wrapper.application; includeInIndex = 0; path = BrainBraver.app; sourceTree = BUILT_PRODUCTS_DIR; };
		451D1EE123360BD500E10E02 /* AppDelegate.swift */ = {isa = PBXFileReference; lastKnownFileType = sourcecode.swift; path = AppDelegate.swift; sourceTree = "<group>"; };
		451D1EE323360BD500E10E02 /* SceneDelegate.swift */ = {isa = PBXFileReference; lastKnownFileType = sourcecode.swift; path = SceneDelegate.swift; sourceTree = "<group>"; };
		451D1EE523360BD500E10E02 /* ViewController.swift */ = {isa = PBXFileReference; lastKnownFileType = sourcecode.swift; path = ViewController.swift; sourceTree = "<group>"; };
		451D1EE823360BD500E10E02 /* Base */ = {isa = PBXFileReference; lastKnownFileType = file.storyboard; name = Base; path = Base.lproj/Main.storyboard; sourceTree = "<group>"; };
		451D1EEB23360BD500E10E02 /* BrainBraver.xcdatamodel */ = {isa = PBXFileReference; lastKnownFileType = wrapper.xcdatamodel; path = BrainBraver.xcdatamodel; sourceTree = "<group>"; };
		451D1EED23360BD700E10E02 /* Assets.xcassets */ = {isa = PBXFileReference; lastKnownFileType = folder.assetcatalog; path = Assets.xcassets; sourceTree = "<group>"; };
		451D1EF023360BD700E10E02 /* Base */ = {isa = PBXFileReference; lastKnownFileType = file.storyboard; name = Base; path = Base.lproj/LaunchScreen.storyboard; sourceTree = "<group>"; };
		451D1EF223360BD700E10E02 /* Info.plist */ = {isa = PBXFileReference; lastKnownFileType = text.plist.xml; path = Info.plist; sourceTree = "<group>"; };
		451D1EF723360BD700E10E02 /* BrainBraverTests.xctest */ = {isa = PBXFileReference; explicitFileType = wrapper.cfbundle; includeInIndex = 0; path = BrainBraverTests.xctest; sourceTree = BUILT_PRODUCTS_DIR; };
		451D1EFB23360BD700E10E02 /* BrainBraverTests.swift */ = {isa = PBXFileReference; lastKnownFileType = sourcecode.swift; path = BrainBraverTests.swift; sourceTree = "<group>"; };
		451D1EFD23360BD700E10E02 /* Info.plist */ = {isa = PBXFileReference; lastKnownFileType = text.plist.xml; path = Info.plist; sourceTree = "<group>"; };
		451D1F0223360BD700E10E02 /* BrainBraverUITests.xctest */ = {isa = PBXFileReference; explicitFileType = wrapper.cfbundle; includeInIndex = 0; path = BrainBraverUITests.xctest; sourceTree = BUILT_PRODUCTS_DIR; };
		451D1F0623360BD700E10E02 /* BrainBraverUITests.swift */ = {isa = PBXFileReference; lastKnownFileType = sourcecode.swift; path = BrainBraverUITests.swift; sourceTree = "<group>"; };
		451D1F0823360BD700E10E02 /* Info.plist */ = {isa = PBXFileReference; lastKnownFileType = text.plist.xml; path = Info.plist; sourceTree = "<group>"; };
/* End PBXFileReference section */

/* Begin PBXFrameworksBuildPhase section */
		451D1EDB23360BD500E10E02 /* Frameworks */ = {
			isa = PBXFrameworksBuildPhase;
			buildActionMask = 2147483647;
			files = (
			);
			runOnlyForDeploymentPostprocessing = 0;
		};
		451D1EF423360BD700E10E02 /* Frameworks */ = {
			isa = PBXFrameworksBuildPhase;
			buildActionMask = 2147483647;
			files = (
			);
			runOnlyForDeploymentPostprocessing = 0;
		};
		451D1EFF23360BD700E10E02 /* Frameworks */ = {
			isa = PBXFrameworksBuildPhase;
			buildActionMask = 2147483647;
			files = (
			);
			runOnlyForDeploymentPostprocessing = 0;
		};
/* End PBXFrameworksBuildPhase section */

/* Begin PBXGroup section */
		451D1ED523360BD500E10E02 = {
			isa = PBXGroup;
			children = (
				451D1EE023360BD500E10E02 /* BrainBraver */,
				451D1EFA23360BD700E10E02 /* BrainBraverTests */,
				451D1F0523360BD700E10E02 /* BrainBraverUITests */,
				451D1EDF23360BD500E10E02 /* Products */,
			);
			sourceTree = "<group>";
		};
		451D1EDF23360BD500E10E02 /* Products */ = {
			isa = PBXGroup;
			children = (
				451D1EDE23360BD500E10E02 /* BrainBraver.app */,
				451D1EF723360BD700E10E02 /* BrainBraverTests.xctest */,
				451D1F0223360BD700E10E02 /* BrainBraverUITests.xctest */,
			);
			name = Products;
			sourceTree = "<group>";
		};
		451D1EE023360BD500E10E02 /* BrainBraver */ = {
			isa = PBXGroup;
			children = (
				451D1EE123360BD500E10E02 /* AppDelegate.swift */,
				451D1EE323360BD500E10E02 /* SceneDelegate.swift */,
				451D1EE523360BD500E10E02 /* ViewController.swift */,
				451D1EE723360BD500E10E02 /* Main.storyboard */,
				451D1EED23360BD700E10E02 /* Assets.xcassets */,
				451D1EEF23360BD700E10E02 /* LaunchScreen.storyboard */,
				451D1EF223360BD700E10E02 /* Info.plist */,
				451D1EEA23360BD500E10E02 /* BrainBraver.xcdatamodeld */,
			);
			path = BrainBraver;
			sourceTree = "<group>";
		};
		451D1EFA23360BD700E10E02 /* BrainBraverTests */ = {
			isa = PBXGroup;
			children = (
				451D1EFB23360BD700E10E02 /* BrainBraverTests.swift */,
				451D1EFD23360BD700E10E02 /* Info.plist */,
			);
			path = BrainBraverTests;
			sourceTree = "<group>";
		};
		451D1F0523360BD700E10E02 /* BrainBraverUITests */ = {
			isa = PBXGroup;
			children = (
				451D1F0623360BD700E10E02 /* BrainBraverUITests.swift */,
				451D1F0823360BD700E10E02 /* Info.plist */,
			);
			path = BrainBraverUITests;
			sourceTree = "<group>";
		};
/* End PBXGroup section */

/* Begin PBXNativeTarget section */
		451D1EDD23360BD500E10E02 /* BrainBraver */ = {
			isa = PBXNativeTarget;
			buildConfigurationList = 451D1F0B23360BD700E10E02 /* Build configuration list for PBXNativeTarget "BrainBraver" */;
			buildPhases = (
				451D1EDA23360BD500E10E02 /* Sources */,
				451D1EDB23360BD500E10E02 /* Frameworks */,
				451D1EDC23360BD500E10E02 /* Resources */,
			);
			buildRules = (
			);
			dependencies = (
			);
			name = BrainBraver;
			productName = BrainBraver;
			productReference = 451D1EDE23360BD500E10E02 /* BrainBraver.app */;
			productType = "com.apple.product-type.application";
		};
		451D1EF623360BD700E10E02 /* BrainBraverTests */ = {
			isa = PBXNativeTarget;
			buildConfigurationList = 451D1F0E23360BD700E10E02 /* Build configuration list for PBXNativeTarget "BrainBraverTests" */;
			buildPhases = (
				451D1EF323360BD700E10E02 /* Sources */,
				451D1EF423360BD700E10E02 /* Frameworks */,
				451D1EF523360BD700E10E02 /* Resources */,
			);
			buildRules = (
			);
			dependencies = (
				451D1EF923360BD700E10E02 /* PBXTargetDependency */,
			);
			name = BrainBraverTests;
			productName = BrainBraverTests;
			productReference = 451D1EF723360BD700E10E02 /* BrainBraverTests.xctest */;
			productType = "com.apple.product-type.bundle.unit-test";
		};
		451D1F0123360BD700E10E02 /* BrainBraverUITests */ = {
			isa = PBXNativeTarget;
			buildConfigurationList = 451D1F1123360BD700E10E02 /* Build configuration list for PBXNativeTarget "BrainBraverUITests" */;
			buildPhases = (
				451D1EFE23360BD700E10E02 /* Sources */,
				451D1EFF23360BD700E10E02 /* Frameworks */,
				451D1F0023360BD700E10E02 /* Resources */,
			);
			buildRules = (
			);
			dependencies = (
				451D1F0423360BD700E10E02 /* PBXTargetDependency */,
			);
			name = BrainBraverUITests;
			productName = BrainBraverUITests;
			productReference = 451D1F0223360BD700E10E02 /* BrainBraverUITests.xctest */;
			productType = "com.apple.product-type.bundle.ui-testing";
		};
/* End PBXNativeTarget section */

/* Begin PBXProject section */
		451D1ED623360BD500E10E02 /* Project object */ = {
			isa = PBXProject;
			attributes = {
				LastSwiftUpdateCheck = 1100;
				LastUpgradeCheck = 1100;
				ORGANIZATIONNAME = "Gaurang Varshney";
				TargetAttributes = {
					451D1EDD23360BD500E10E02 = {
						CreatedOnToolsVersion = 11.0;
					};
					451D1EF623360BD700E10E02 = {
						CreatedOnToolsVersion = 11.0;
						TestTargetID = 451D1EDD23360BD500E10E02;
					};
					451D1F0123360BD700E10E02 = {
						CreatedOnToolsVersion = 11.0;
						TestTargetID = 451D1EDD23360BD500E10E02;
					};
				};
			};
			buildConfigurationList = 451D1ED923360BD500E10E02 /* Build configuration list for PBXProject "BrainBraver" */;
			compatibilityVersion = "Xcode 9.3";
			developmentRegion = en;
			hasScannedForEncodings = 0;
			knownRegions = (
				en,
				Base,
			);
			mainGroup = 451D1ED523360BD500E10E02;
			productRefGroup = 451D1EDF23360BD500E10E02 /* Products */;
			projectDirPath = "";
			projectRoot = "";
			targets = (
				451D1EDD23360BD500E10E02 /* BrainBraver */,
				451D1EF623360BD700E10E02 /* BrainBraverTests */,
				451D1F0123360BD700E10E02 /* BrainBraverUITests */,
			);
		};
/* End PBXProject section */

/* Begin PBXResourcesBuildPhase section */
		451D1EDC23360BD500E10E02 /* Resources */ = {
			isa = PBXResourcesBuildPhase;
			buildActionMask = 2147483647;
			files = (
				451D1EF123360BD700E10E02 /* LaunchScreen.storyboard in Resources */,
				451D1EEE23360BD700E10E02 /* Assets.xcassets in Resources */,
				451D1EE923360BD500E10E02 /* Main.storyboard in Resources */,
			);
			runOnlyForDeploymentPostprocessing = 0;
		};
		451D1EF523360BD700E10E02 /* Resources */ = {
			isa = PBXResourcesBuildPhase;
			buildActionMask = 2147483647;
			files = (
			);
			runOnlyForDeploymentPostprocessing = 0;
		};
		451D1F0023360BD700E10E02 /* Resources */ = {
			isa = PBXResourcesBuildPhase;
			buildActionMask = 2147483647;
			files = (
			);
			runOnlyForDeploymentPostprocessing = 0;
		};
/* End PBXResourcesBuildPhase section */

/* Begin PBXSourcesBuildPhase section */
		451D1EDA23360BD500E10E02 /* Sources */ = {
			isa = PBXSourcesBuildPhase;
			buildActionMask = 2147483647;
			files = (
				451D1EE623360BD500E10E02 /* ViewController.swift in Sources */,
				451D1EE223360BD500E10E02 /* AppDelegate.swift in Sources */,
				451D1EEC23360BD500E10E02 /* BrainBraver.xcdatamodeld in Sources */,
				451D1EE423360BD500E10E02 /* SceneDelegate.swift in Sources */,
			);
			runOnlyForDeploymentPostprocessing = 0;
		};
		451D1EF323360BD700E10E02 /* Sources */ = {
			isa = PBXSourcesBuildPhase;
			buildActionMask = 2147483647;
			files = (
				451D1EFC23360BD700E10E02 /* BrainBraverTests.swift in Sources */,
			);
			runOnlyForDeploymentPostprocessing = 0;
		};
		451D1EFE23360BD700E10E02 /* Sources */ = {
			isa = PBXSourcesBuildPhase;
			buildActionMask = 2147483647;
			files = (
				451D1F0723360BD700E10E02 /* BrainBraverUITests.swift in Sources */,
			);
			runOnlyForDeploymentPostprocessing = 0;
		};
/* End PBXSourcesBuildPhase section */

/* Begin PBXTargetDependency section */
		451D1EF923360BD700E10E02 /* PBXTargetDependency */ = {
			isa = PBXTargetDependency;
			target = 451D1EDD23360BD500E10E02 /* BrainBraver */;
			targetProxy = 451D1EF823360BD700E10E02 /* PBXContainerItemProxy */;
		};
		451D1F0423360BD700E10E02 /* PBXTargetDependency */ = {
			isa = PBXTargetDependency;
			target = 451D1EDD23360BD500E10E02 /* BrainBraver */;
			targetProxy = 451D1F0323360BD700E10E02 /* PBXContainerItemProxy */;
		};
/* End PBXTargetDependency section */

/* Begin PBXVariantGroup section */
		451D1EE723360BD500E10E02 /* Main.storyboard */ = {
			isa = PBXVariantGroup;
			children = (
				451D1EE823360BD500E10E02 /* Base */,
			);
			name = Main.storyboard;
			sourceTree = "<group>";
		};
		451D1EEF23360BD700E10E02 /* LaunchScreen.storyboard */ = {
			isa = PBXVariantGroup;
			children = (
				451D1EF023360BD700E10E02 /* Base */,
			);
			name = LaunchScreen.storyboard;
			sourceTree = "<group>";
		};
/* End PBXVariantGroup section */

/* Begin XCBuildConfiguration section */
		451D1F0923360BD700E10E02 /* Debug */ = {
			isa = XCBuildConfiguration;
			buildSettings = {
				ALWAYS_SEARCH_USER_PATHS = NO;
				CLANG_ANALYZER_NONNULL = YES;
				CLANG_ANALYZER_NUMBER_OBJECT_CONVERSION = YES_AGGRESSIVE;
				CLANG_CXX_LANGUAGE_STANDARD = "gnu++14";
				CLANG_CXX_LIBRARY = "libc++";
				CLANG_ENABLE_MODULES = YES;
				CLANG_ENABLE_OBJC_ARC = YES;
				CLANG_ENABLE_OBJC_WEAK = YES;
				CLANG_WARN_BLOCK_CAPTURE_AUTORELEASING = YES;
				CLANG_WARN_BOOL_CONVERSION = YES;
				CLANG_WARN_COMMA = YES;
				CLANG_WARN_CONSTANT_CONVERSION = YES;
				CLANG_WARN_DEPRECATED_OBJC_IMPLEMENTATIONS = YES;
				CLANG_WARN_DIRECT_OBJC_ISA_USAGE = YES_ERROR;
				CLANG_WARN_DOCUMENTATION_COMMENTS = YES;
				CLANG_WARN_EMPTY_BODY = YES;
				CLANG_WARN_ENUM_CONVERSION = YES;
				CLANG_WARN_INFINITE_RECURSION = YES;
				CLANG_WARN_INT_CONVERSION = YES;
				CLANG_WARN_NON_LITERAL_NULL_CONVERSION = YES;
				CLANG_WARN_OBJC_IMPLICIT_RETAIN_SELF = YES;
				CLANG_WARN_OBJC_LITERAL_CONVERSION = YES;
				CLANG_WARN_OBJC_ROOT_CLASS = YES_ERROR;
				CLANG_WARN_RANGE_LOOP_ANALYSIS = YES;
				CLANG_WARN_STRICT_PROTOTYPES = YES;
				CLANG_WARN_SUSPICIOUS_MOVE = YES;
				CLANG_WARN_UNGUARDED_AVAILABILITY = YES_AGGRESSIVE;
				CLANG_WARN_UNREACHABLE_CODE = YES;
				CLANG_WARN__DUPLICATE_METHOD_MATCH = YES;
				COPY_PHASE_STRIP = NO;
				DEBUG_INFORMATION_FORMAT = dwarf;
				ENABLE_STRICT_OBJC_MSGSEND = YES;
				ENABLE_TESTABILITY = YES;
				GCC_C_LANGUAGE_STANDARD = gnu11;
				GCC_DYNAMIC_NO_PIC = NO;
				GCC_NO_COMMON_BLOCKS = YES;
				GCC_OPTIMIZATION_LEVEL = 0;
				GCC_PREPROCESSOR_DEFINITIONS = (
					"DEBUG=1",
					"$(inherited)",
				);
				GCC_WARN_64_TO_32_BIT_CONVERSION = YES;
				GCC_WARN_ABOUT_RETURN_TYPE = YES_ERROR;
				GCC_WARN_UNDECLARED_SELECTOR = YES;
				GCC_WARN_UNINITIALIZED_AUTOS = YES_AGGRESSIVE;
				GCC_WARN_UNUSED_FUNCTION = YES;
				GCC_WARN_UNUSED_VARIABLE = YES;
				IPHONEOS_DEPLOYMENT_TARGET = 13.0;
				MTL_ENABLE_DEBUG_INFO = INCLUDE_SOURCE;
				MTL_FAST_MATH = YES;
				ONLY_ACTIVE_ARCH = YES;
				SDKROOT = iphoneos;
				SWIFT_ACTIVE_COMPILATION_CONDITIONS = DEBUG;
				SWIFT_OPTIMIZATION_LEVEL = "-Onone";
			};
			name = Debug;
		};
		451D1F0A23360BD700E10E02 /* Release */ = {
			isa = XCBuildConfiguration;
			buildSettings = {
				ALWAYS_SEARCH_USER_PATHS = NO;
				CLANG_ANALYZER_NONNULL = YES;
				CLANG_ANALYZER_NUMBER_OBJECT_CONVERSION = YES_AGGRESSIVE;
				CLANG_CXX_LANGUAGE_STANDARD = "gnu++14";
				CLANG_CXX_LIBRARY = "libc++";
				CLANG_ENABLE_MODULES = YES;
				CLANG_ENABLE_OBJC_ARC = YES;
				CLANG_ENABLE_OBJC_WEAK = YES;
				CLANG_WARN_BLOCK_CAPTURE_AUTORELEASING = YES;
				CLANG_WARN_BOOL_CONVERSION = YES;
				CLANG_WARN_COMMA = YES;
				CLANG_WARN_CONSTANT_CONVERSION = YES;
				CLANG_WARN_DEPRECATED_OBJC_IMPLEMENTATIONS = YES;
				CLANG_WARN_DIRECT_OBJC_ISA_USAGE = YES_ERROR;
				CLANG_WARN_DOCUMENTATION_COMMENTS = YES;
				CLANG_WARN_EMPTY_BODY = YES;
				CLANG_WARN_ENUM_CONVERSION = YES;
				CLANG_WARN_INFINITE_RECURSION = YES;
				CLANG_WARN_INT_CONVERSION = YES;
				CLANG_WARN_NON_LITERAL_NULL_CONVERSION = YES;
				CLANG_WARN_OBJC_IMPLICIT_RETAIN_SELF = YES;
				CLANG_WARN_OBJC_LITERAL_CONVERSION = YES;
				CLANG_WARN_OBJC_ROOT_CLASS = YES_ERROR;
				CLANG_WARN_RANGE_LOOP_ANALYSIS = YES;
				CLANG_WARN_STRICT_PROTOTYPES = YES;
				CLANG_WARN_SUSPICIOUS_MOVE = YES;
				CLANG_WARN_UNGUARDED_AVAILABILITY = YES_AGGRESSIVE;
				CLANG_WARN_UNREACHABLE_CODE = YES;
				CLANG_WARN__DUPLICATE_METHOD_MATCH = YES;
				COPY_PHASE_STRIP = NO;
				DEBUG_INFORMATION_FORMAT = "dwarf-with-dsym";
				ENABLE_NS_ASSERTIONS = NO;
				ENABLE_STRICT_OBJC_MSGSEND = YES;
				GCC_C_LANGUAGE_STANDARD = gnu11;
				GCC_NO_COMMON_BLOCKS = YES;
				GCC_WARN_64_TO_32_BIT_CONVERSION = YES;
				GCC_WARN_ABOUT_RETURN_TYPE = YES_ERROR;
				GCC_WARN_UNDECLARED_SELECTOR = YES;
				GCC_WARN_UNINITIALIZED_AUTOS = YES_AGGRESSIVE;
				GCC_WARN_UNUSED_FUNCTION = YES;
				GCC_WARN_UNUSED_VARIABLE = YES;
				IPHONEOS_DEPLOYMENT_TARGET = 13.0;
				MTL_ENABLE_DEBUG_INFO = NO;
				MTL_FAST_MATH = YES;
				SDKROOT = iphoneos;
				SWIFT_COMPILATION_MODE = wholemodule;
				SWIFT_OPTIMIZATION_LEVEL = "-O";
				VALIDATE_PRODUCT = YES;
			};
			name = Release;
		};
		451D1F0C23360BD700E10E02 /* Debug */ = {
			isa = XCBuildConfiguration;
			buildSettings = {
				ASSETCATALOG_COMPILER_APPICON_NAME = AppIcon;
				CODE_SIGN_STYLE = Automatic;
				DEVELOPMENT_TEAM = 4QFGHL2B6S;
				INFOPLIST_FILE = BrainBraver/Info.plist;
				LD_RUNPATH_SEARCH_PATHS = (
					"$(inherited)",
					"@executable_path/Frameworks",
				);
				PRODUCT_BUNDLE_IDENTIFIER = com.gaurang.BrainBraver;
				PRODUCT_NAME = "$(TARGET_NAME)";
				SWIFT_VERSION = 5.0;
				TARGETED_DEVICE_FAMILY = "1,2";
			};
			name = Debug;
		};
		451D1F0D23360BD700E10E02 /* Release */ = {
			isa = XCBuildConfiguration;
			buildSettings = {
				ASSETCATALOG_COMPILER_APPICON_NAME = AppIcon;
				CODE_SIGN_STYLE = Automatic;
				DEVELOPMENT_TEAM = 4QFGHL2B6S;
				INFOPLIST_FILE = BrainBraver/Info.plist;
				LD_RUNPATH_SEARCH_PATHS = (
					"$(inherited)",
					"@executable_path/Frameworks",
				);
				PRODUCT_BUNDLE_IDENTIFIER = com.gaurang.BrainBraver;
				PRODUCT_NAME = "$(TARGET_NAME)";
				SWIFT_VERSION = 5.0;
				TARGETED_DEVICE_FAMILY = "1,2";
			};
			name = Release;
		};
		451D1F0F23360BD700E10E02 /* Debug */ = {
			isa = XCBuildConfiguration;
			buildSettings = {
				ALWAYS_EMBED_SWIFT_STANDARD_LIBRARIES = YES;
				BUNDLE_LOADER = "$(TEST_HOST)";
				CODE_SIGN_STYLE = Automatic;
				DEVELOPMENT_TEAM = 4QFGHL2B6S;
				INFOPLIST_FILE = BrainBraverTests/Info.plist;
				IPHONEOS_DEPLOYMENT_TARGET = 13.0;
				LD_RUNPATH_SEARCH_PATHS = (
					"$(inherited)",
					"@executable_path/Frameworks",
					"@loader_path/Frameworks",
				);
				PRODUCT_BUNDLE_IDENTIFIER = com.gaurang.BrainBraverTests;
				PRODUCT_NAME = "$(TARGET_NAME)";
				SWIFT_VERSION = 5.0;
				TARGETED_DEVICE_FAMILY = "1,2";
				TEST_HOST = "$(BUILT_PRODUCTS_DIR)/BrainBraver.app/BrainBraver";
			};
			name = Debug;
		};
		451D1F1023360BD700E10E02 /* Release */ = {
			isa = XCBuildConfiguration;
			buildSettings = {
				ALWAYS_EMBED_SWIFT_STANDARD_LIBRARIES = YES;
				BUNDLE_LOADER = "$(TEST_HOST)";
				CODE_SIGN_STYLE = Automatic;
				DEVELOPMENT_TEAM = 4QFGHL2B6S;
				INFOPLIST_FILE = BrainBraverTests/Info.plist;
				IPHONEOS_DEPLOYMENT_TARGET = 13.0;
				LD_RUNPATH_SEARCH_PATHS = (
					"$(inherited)",
					"@executable_path/Frameworks",
					"@loader_path/Frameworks",
				);
				PRODUCT_BUNDLE_IDENTIFIER = com.gaurang.BrainBraverTests;
				PRODUCT_NAME = "$(TARGET_NAME)";
				SWIFT_VERSION = 5.0;
				TARGETED_DEVICE_FAMILY = "1,2";
				TEST_HOST = "$(BUILT_PRODUCTS_DIR)/BrainBraver.app/BrainBraver";
			};
			name = Release;
		};
		451D1F1223360BD700E10E02 /* Debug */ = {
			isa = XCBuildConfiguration;
			buildSettings = {
				ALWAYS_EMBED_SWIFT_STANDARD_LIBRARIES = YES;
				CODE_SIGN_STYLE = Automatic;
				DEVELOPMENT_TEAM = 4QFGHL2B6S;
				INFOPLIST_FILE = BrainBraverUITests/Info.plist;
				LD_RUNPATH_SEARCH_PATHS = (
					"$(inherited)",
					"@executable_path/Frameworks",
					"@loader_path/Frameworks",
				);
				PRODUCT_BUNDLE_IDENTIFIER = com.gaurang.BrainBraverUITests;
				PRODUCT_NAME = "$(TARGET_NAME)";
				SWIFT_VERSION = 5.0;
				TARGETED_DEVICE_FAMILY = "1,2";
				TEST_TARGET_NAME = BrainBraver;
			};
			name = Debug;
		};
		451D1F1323360BD700E10E02 /* Release */ = {
			isa = XCBuildConfiguration;
			buildSettings = {
				ALWAYS_EMBED_SWIFT_STANDARD_LIBRARIES = YES;
				CODE_SIGN_STYLE = Automatic;
				DEVELOPMENT_TEAM = 4QFGHL2B6S;
				INFOPLIST_FILE = BrainBraverUITests/Info.plist;
				LD_RUNPATH_SEARCH_PATHS = (
					"$(inherited)",
					"@executable_path/Frameworks",
					"@loader_path/Frameworks",
				);
				PRODUCT_BUNDLE_IDENTIFIER = com.gaurang.BrainBraverUITests;
				PRODUCT_NAME = "$(TARGET_NAME)";
				SWIFT_VERSION = 5.0;
				TARGETED_DEVICE_FAMILY = "1,2";
				TEST_TARGET_NAME = BrainBraver;
			};
			name = Release;
		};
/* End XCBuildConfiguration section */

/* Begin XCConfigurationList section */
		451D1ED923360BD500E10E02 /* Build configuration list for PBXProject "BrainBraver" */ = {
			isa = XCConfigurationList;
			buildConfigurations = (
				451D1F0923360BD700E10E02 /* Debug */,
				451D1F0A23360BD700E10E02 /* Release */,
			);
			defaultConfigurationIsVisible = 0;
			defaultConfigurationName = Release;
		};
		451D1F0B23360BD700E10E02 /* Build configuration list for PBXNativeTarget "BrainBraver" */ = {
			isa = XCConfigurationList;
			buildConfigurations = (
				451D1F0C23360BD700E10E02 /* Debug */,
				451D1F0D23360BD700E10E02 /* Release */,
			);
			defaultConfigurationIsVisible = 0;
			defaultConfigurationName = Release;
		};
		451D1F0E23360BD700E10E02 /* Build configuration list for PBXNativeTarget "BrainBraverTests" */ = {
			isa = XCConfigurationList;
			buildConfigurations = (
				451D1F0F23360BD700E10E02 /* Debug */,
				451D1F1023360BD700E10E02 /* Release */,
			);
			defaultConfigurationIsVisible = 0;
			defaultConfigurationName = Release;
		};
		451D1F1123360BD700E10E02 /* Build configuration list for PBXNativeTarget "BrainBraverUITests" */ = {
			isa = XCConfigurationList;
			buildConfigurations = (
				451D1F1223360BD700E10E02 /* Debug */,
				451D1F1323360BD700E10E02 /* Release */,
			);
			defaultConfigurationIsVisible = 0;
			defaultConfigurationName = Release;
		};
/* End XCConfigurationList section */

/* Begin XCVersionGroup section */
		451D1EEA23360BD500E10E02 /* BrainBraver.xcdatamodeld */ = {
			isa = XCVersionGroup;
			children = (
				451D1EEB23360BD500E10E02 /* BrainBraver.xcdatamodel */,
			);
			currentVersion = 451D1EEB23360BD500E10E02 /* BrainBraver.xcdatamodel */;
			path = BrainBraver.xcdatamodeld;
			sourceTree = "<group>";
			versionGroupType = wrapper.xcdatamodel;
		};
/* End XCVersionGroup section */
	};
	rootObject = 451D1ED623360BD500E10E02 /* Project object */;
}
